
Microsoft Visual Studio Solution File, Format Version 12.00
# Visual Studio Version 16
VisualStudioVersion = 16.0.30804.86
MinimumVisualStudioVersion = 10.0.40219.1
Project("{FAE04EC0-301F-11D3-BF4B-00C04F79EFBC}") = "StringCalculatorKata", "StringCalculatorKata\StringCalculatorKata.csproj", "{8F30A5CB-A1FE-4AA8-B0E7-34AF238C167D}"
EndProject
Global
	GlobalSection(SolutionConfigurationPlatforms) = preSolution
		Debug|Any CPU = Debug|Any CPU
		Release|Any CPU = Release|Any CPU
	EndGlobalSection
	GlobalSection(ProjectConfigurationPlatforms) = postSolution
		{8F30A5CB-A1FE-4AA8-B0E7-34AF238C167D}.Debug|Any CPU.ActiveCfg = Debug|Any CPU
		{8F30A5CB-A1FE-4AA8-B0E7-34AF238C167D}.Debug|Any CPU.Build.0 = Debug|Any CPU
		{8F30A5CB-A1FE-4AA8-B0E7-34AF238C167D}.Release|Any CPU.ActiveCfg = Release|Any CPU
		{8F30A5CB-A1FE-4AA8-B0E7-34AF238C167D}.Release|Any CPU.Build.0 = Release|Any CPU
	EndGlobalSection
	GlobalSection(SolutionProperties) = preSolution
		HideSolutionNode = FALSE
	EndGlobalSection
	GlobalSection(ExtensibilityGlobals) = postSolution
		SolutionGuid = {8F080BB5-0461-42CD-80C9-2B88464DA9A0}
	EndGlobalSection
EndGlobal
